// !$*UTF8*$!
{
	archiveVersion = 1;
	classes = {
	};
	objectVersion = 55;
	objects = {

/* Begin PBXBuildFile section */
		9F160BFF28AE7BF200C8FD20 /* GroupsCoordinator.swift in Sources */ = {isa = PBXBuildFile; fileRef = 9F160BFE28AE7BF200C8FD20 /* GroupsCoordinator.swift */; };
		9F28602028AFD2A9005BE590 /* TabBarCoordinator.swift in Sources */ = {isa = PBXBuildFile; fileRef = 9F28601F28AFD2A9005BE590 /* TabBarCoordinator.swift */; };
		9F2CA81128A1B390004ADF9F /* FriendsListView.swift in Sources */ = {isa = PBXBuildFile; fileRef = 9F2CA81028A1B390004ADF9F /* FriendsListView.swift */; };
		9F2CA81328A1B39F004ADF9F /* FriendsListViewModel.swift in Sources */ = {isa = PBXBuildFile; fileRef = 9F2CA81228A1B39F004ADF9F /* FriendsListViewModel.swift */; };
		9F42E46B28A6918100DC0CBB /* ServerGroupModel.swift in Sources */ = {isa = PBXBuildFile; fileRef = 9F42E46A28A6918100DC0CBB /* ServerGroupModel.swift */; };
		9F42E46D28A6918F00DC0CBB /* GroupModel.swift in Sources */ = {isa = PBXBuildFile; fileRef = 9F42E46C28A6918F00DC0CBB /* GroupModel.swift */; };
		9F42E47028A6956D00DC0CBB /* GroupModelMapper.swift in Sources */ = {isa = PBXBuildFile; fileRef = 9F42E46F28A6956D00DC0CBB /* GroupModelMapper.swift */; };
		9F42E47228A69A8600DC0CBB /* BaseAPIService.swift in Sources */ = {isa = PBXBuildFile; fileRef = 9F42E47128A69A8600DC0CBB /* BaseAPIService.swift */; };
		9F42E47A28A69C3F00DC0CBB /* GroupsListViewModel.swift in Sources */ = {isa = PBXBuildFile; fileRef = 9F42E47928A69C3F00DC0CBB /* GroupsListViewModel.swift */; };
		9F42E47C28A69C5500DC0CBB /* GroupsListView.swift in Sources */ = {isa = PBXBuildFile; fileRef = 9F42E47B28A69C5500DC0CBB /* GroupsListView.swift */; };
		9F42E47F28A69C7100DC0CBB /* GroupCellView.swift in Sources */ = {isa = PBXBuildFile; fileRef = 9F42E47E28A69C7100DC0CBB /* GroupCellView.swift */; };
		9F44AA4D28A178ED0057BD2F /* CombineMoya in Frameworks */ = {isa = PBXBuildFile; productRef = 9F44AA4C28A178ED0057BD2F /* CombineMoya */; };
		9F44AA4F28A178ED0057BD2F /* Moya in Frameworks */ = {isa = PBXBuildFile; productRef = 9F44AA4E28A178ED0057BD2F /* Moya */; };
		9F475D2528AD35330095962C /* PhotoView.swift in Sources */ = {isa = PBXBuildFile; fileRef = 9F475D2428AD35330095962C /* PhotoView.swift */; };
		9F475D2828AD354C0095962C /* PhotoViewModel.swift in Sources */ = {isa = PBXBuildFile; fileRef = 9F475D2728AD354C0095962C /* PhotoViewModel.swift */; };
		9F475D2A28AD37FA0095962C /* ServerPhotoModel.swift in Sources */ = {isa = PBXBuildFile; fileRef = 9F475D2928AD37FA0095962C /* ServerPhotoModel.swift */; };
		9F6679E628B79546001BFEEA /* GroupInfoViewModel.swift in Sources */ = {isa = PBXBuildFile; fileRef = 9F6679E528B79546001BFEEA /* GroupInfoViewModel.swift */; };
		9F6679E828B79D9C001BFEEA /* LoginRouter.swift in Sources */ = {isa = PBXBuildFile; fileRef = 9F6679E728B79D9C001BFEEA /* LoginRouter.swift */; };
		9F79A32028A4D1FF000386D0 /* BaseModelMapper.swift in Sources */ = {isa = PBXBuildFile; fileRef = 9F79A31F28A4D1FF000386D0 /* BaseModelMapper.swift */; };
		9F79A32228A4D257000386D0 /* FriendModelMapper.swift in Sources */ = {isa = PBXBuildFile; fileRef = 9F79A32128A4D257000386D0 /* FriendModelMapper.swift */; };
		9F79A32428A4D291000386D0 /* Extensions+String.swift in Sources */ = {isa = PBXBuildFile; fileRef = 9F79A32328A4D291000386D0 /* Extensions+String.swift */; };
		9F79A32928A4D5A3000386D0 /* CombineExt in Frameworks */ = {isa = PBXBuildFile; productRef = 9F79A32828A4D5A3000386D0 /* CombineExt */; };
		9F79A32C28A4DE71000386D0 /* FriendCellView.swift in Sources */ = {isa = PBXBuildFile; fileRef = 9F79A32B28A4DE70000386D0 /* FriendCellView.swift */; };
		9F79A33028A4E605000386D0 /* SearchTextField.swift in Sources */ = {isa = PBXBuildFile; fileRef = 9F79A32F28A4E604000386D0 /* SearchTextField.swift */; };
		9F915C5528A039D4005EA2E1 /* AppVkApp.swift in Sources */ = {isa = PBXBuildFile; fileRef = 9F915C5428A039D4005EA2E1 /* AppVkApp.swift */; };
		9F915C5728A039D4005EA2E1 /* ContentView.swift in Sources */ = {isa = PBXBuildFile; fileRef = 9F915C5628A039D4005EA2E1 /* ContentView.swift */; };
		9F915C5928A039DB005EA2E1 /* Assets.xcassets in Resources */ = {isa = PBXBuildFile; fileRef = 9F915C5828A039DB005EA2E1 /* Assets.xcassets */; };
		9F915C5C28A039DB005EA2E1 /* Preview Assets.xcassets in Resources */ = {isa = PBXBuildFile; fileRef = 9F915C5B28A039DB005EA2E1 /* Preview Assets.xcassets */; };
		9F915C7028A03B68005EA2E1 /* LocalStorage.swift in Sources */ = {isa = PBXBuildFile; fileRef = 9F915C6F28A03B68005EA2E1 /* LocalStorage.swift */; };
		9F915C7228A03B9A005EA2E1 /* Provider.swift in Sources */ = {isa = PBXBuildFile; fileRef = 9F915C7128A03B9A005EA2E1 /* Provider.swift */; };
		9F915C7B28A03C48005EA2E1 /* BaseAPI.swift in Sources */ = {isa = PBXBuildFile; fileRef = 9F915C7A28A03C48005EA2E1 /* BaseAPI.swift */; };
		9F915C7F28A03CE6005EA2E1 /* Consts.swift in Sources */ = {isa = PBXBuildFile; fileRef = 9F915C7E28A03CE6005EA2E1 /* Consts.swift */; };
		9F915C8128A03F12005EA2E1 /* APIError.swift in Sources */ = {isa = PBXBuildFile; fileRef = 9F915C8028A03F12005EA2E1 /* APIError.swift */; };
		9F915C8428A04251005EA2E1 /* RepresentableWebView.swift in Sources */ = {isa = PBXBuildFile; fileRef = 9F915C8328A04251005EA2E1 /* RepresentableWebView.swift */; };
		9F915C8628A04341005EA2E1 /* ContentViewModel.swift in Sources */ = {isa = PBXBuildFile; fileRef = 9F915C8528A04341005EA2E1 /* ContentViewModel.swift */; };
		9F9D4E0828A253D5002162E0 /* ServerFriendModel.swift in Sources */ = {isa = PBXBuildFile; fileRef = 9F9D4E0728A253D5002162E0 /* ServerFriendModel.swift */; };
		9F9D4E0A28A2B038002162E0 /* FriendModel.swift in Sources */ = {isa = PBXBuildFile; fileRef = 9F9D4E0928A2B038002162E0 /* FriendModel.swift */; };
		9FA073DC28AE1E7D00995B9B /* MainCoordinator.swift in Sources */ = {isa = PBXBuildFile; fileRef = 9FA073DB28AE1E7D00995B9B /* MainCoordinator.swift */; };
		9FA073DF28AE1EB600995B9B /* Stinsen in Frameworks */ = {isa = PBXBuildFile; productRef = 9FA073DE28AE1EB600995B9B /* Stinsen */; };
		9FA073E528AE200000995B9B /* GroupInfoCellView.swift in Sources */ = {isa = PBXBuildFile; fileRef = 9FA073E428AE200000995B9B /* GroupInfoCellView.swift */; };
		9FA073EA28AE208F00995B9B /* GroupRouter.swift in Sources */ = {isa = PBXBuildFile; fileRef = 9FA073E928AE208F00995B9B /* GroupRouter.swift */; };
		9FB7D60328B7735D00126B3F /* GroupInfoView.swift in Sources */ = {isa = PBXBuildFile; fileRef = 9FB7D60228B7735D00126B3F /* GroupInfoView.swift */; };
		9FE4C0E328AE3B8300D858C8 /* ContentCoordinator.swift in Sources */ = {isa = PBXBuildFile; fileRef = 9FE4C0E228AE3B8300D858C8 /* ContentCoordinator.swift */; };
		9FF5E39428B5175800843011 /* AuthService.swift in Sources */ = {isa = PBXBuildFile; fileRef = 9FF5E39328B5175800843011 /* AuthService.swift */; };
/* End PBXBuildFile section */

/* Begin PBXFileReference section */
		9F160BFE28AE7BF200C8FD20 /* GroupsCoordinator.swift */ = {isa = PBXFileReference; lastKnownFileType = sourcecode.swift; path = GroupsCoordinator.swift; sourceTree = "<group>"; };
		9F28601F28AFD2A9005BE590 /* TabBarCoordinator.swift */ = {isa = PBXFileReference; lastKnownFileType = sourcecode.swift; path = TabBarCoordinator.swift; sourceTree = "<group>"; };
		9F2CA81028A1B390004ADF9F /* FriendsListView.swift */ = {isa = PBXFileReference; lastKnownFileType = sourcecode.swift; path = FriendsListView.swift; sourceTree = "<group>"; };
		9F2CA81228A1B39F004ADF9F /* FriendsListViewModel.swift */ = {isa = PBXFileReference; lastKnownFileType = sourcecode.swift; path = FriendsListViewModel.swift; sourceTree = "<group>"; };
		9F42E46A28A6918100DC0CBB /* ServerGroupModel.swift */ = {isa = PBXFileReference; lastKnownFileType = sourcecode.swift; path = ServerGroupModel.swift; sourceTree = "<group>"; };
		9F42E46C28A6918F00DC0CBB /* GroupModel.swift */ = {isa = PBXFileReference; lastKnownFileType = sourcecode.swift; path = GroupModel.swift; sourceTree = "<group>"; };
		9F42E46F28A6956D00DC0CBB /* GroupModelMapper.swift */ = {isa = PBXFileReference; lastKnownFileType = sourcecode.swift; path = GroupModelMapper.swift; sourceTree = "<group>"; };
		9F42E47128A69A8600DC0CBB /* BaseAPIService.swift */ = {isa = PBXFileReference; lastKnownFileType = sourcecode.swift; path = BaseAPIService.swift; sourceTree = "<group>"; };
		9F42E47928A69C3F00DC0CBB /* GroupsListViewModel.swift */ = {isa = PBXFileReference; lastKnownFileType = sourcecode.swift; path = GroupsListViewModel.swift; sourceTree = "<group>"; };
		9F42E47B28A69C5500DC0CBB /* GroupsListView.swift */ = {isa = PBXFileReference; lastKnownFileType = sourcecode.swift; path = GroupsListView.swift; sourceTree = "<group>"; };
		9F42E47E28A69C7100DC0CBB /* GroupCellView.swift */ = {isa = PBXFileReference; lastKnownFileType = sourcecode.swift; path = GroupCellView.swift; sourceTree = "<group>"; };
		9F475D2428AD35330095962C /* PhotoView.swift */ = {isa = PBXFileReference; lastKnownFileType = sourcecode.swift; path = PhotoView.swift; sourceTree = "<group>"; };
		9F475D2728AD354C0095962C /* PhotoViewModel.swift */ = {isa = PBXFileReference; lastKnownFileType = sourcecode.swift; path = PhotoViewModel.swift; sourceTree = "<group>"; };
		9F475D2928AD37FA0095962C /* ServerPhotoModel.swift */ = {isa = PBXFileReference; lastKnownFileType = sourcecode.swift; path = ServerPhotoModel.swift; sourceTree = "<group>"; };
		9F6679E528B79546001BFEEA /* GroupInfoViewModel.swift */ = {isa = PBXFileReference; lastKnownFileType = sourcecode.swift; path = GroupInfoViewModel.swift; sourceTree = "<group>"; };
		9F6679E728B79D9C001BFEEA /* LoginRouter.swift */ = {isa = PBXFileReference; lastKnownFileType = sourcecode.swift; path = LoginRouter.swift; sourceTree = "<group>"; };
		9F79A31F28A4D1FF000386D0 /* BaseModelMapper.swift */ = {isa = PBXFileReference; lastKnownFileType = sourcecode.swift; path = BaseModelMapper.swift; sourceTree = "<group>"; };
		9F79A32128A4D257000386D0 /* FriendModelMapper.swift */ = {isa = PBXFileReference; lastKnownFileType = sourcecode.swift; path = FriendModelMapper.swift; sourceTree = "<group>"; };
		9F79A32328A4D291000386D0 /* Extensions+String.swift */ = {isa = PBXFileReference; lastKnownFileType = sourcecode.swift; path = "Extensions+String.swift"; sourceTree = "<group>"; };
		9F79A32B28A4DE70000386D0 /* FriendCellView.swift */ = {isa = PBXFileReference; lastKnownFileType = sourcecode.swift; path = FriendCellView.swift; sourceTree = "<group>"; };
		9F79A32F28A4E604000386D0 /* SearchTextField.swift */ = {isa = PBXFileReference; lastKnownFileType = sourcecode.swift; path = SearchTextField.swift; sourceTree = "<group>"; };
		9F915C5128A039D4005EA2E1 /* AppVk.app */ = {isa = PBXFileReference; explicitFileType = wrapper.application; includeInIndex = 0; path = AppVk.app; sourceTree = BUILT_PRODUCTS_DIR; };
		9F915C5428A039D4005EA2E1 /* AppVkApp.swift */ = {isa = PBXFileReference; lastKnownFileType = sourcecode.swift; path = AppVkApp.swift; sourceTree = "<group>"; };
		9F915C5628A039D4005EA2E1 /* ContentView.swift */ = {isa = PBXFileReference; lastKnownFileType = sourcecode.swift; path = ContentView.swift; sourceTree = "<group>"; };
		9F915C5828A039DB005EA2E1 /* Assets.xcassets */ = {isa = PBXFileReference; lastKnownFileType = folder.assetcatalog; path = Assets.xcassets; sourceTree = "<group>"; };
		9F915C5B28A039DB005EA2E1 /* Preview Assets.xcassets */ = {isa = PBXFileReference; lastKnownFileType = folder.assetcatalog; path = "Preview Assets.xcassets"; sourceTree = "<group>"; };
		9F915C6F28A03B68005EA2E1 /* LocalStorage.swift */ = {isa = PBXFileReference; lastKnownFileType = sourcecode.swift; path = LocalStorage.swift; sourceTree = "<group>"; };
		9F915C7128A03B9A005EA2E1 /* Provider.swift */ = {isa = PBXFileReference; lastKnownFileType = sourcecode.swift; path = Provider.swift; sourceTree = "<group>"; };
		9F915C7A28A03C48005EA2E1 /* BaseAPI.swift */ = {isa = PBXFileReference; lastKnownFileType = sourcecode.swift; path = BaseAPI.swift; sourceTree = "<group>"; };
		9F915C7E28A03CE6005EA2E1 /* Consts.swift */ = {isa = PBXFileReference; lastKnownFileType = sourcecode.swift; path = Consts.swift; sourceTree = "<group>"; };
		9F915C8028A03F12005EA2E1 /* APIError.swift */ = {isa = PBXFileReference; lastKnownFileType = sourcecode.swift; path = APIError.swift; sourceTree = "<group>"; };
		9F915C8328A04251005EA2E1 /* RepresentableWebView.swift */ = {isa = PBXFileReference; lastKnownFileType = sourcecode.swift; path = RepresentableWebView.swift; sourceTree = "<group>"; };
		9F915C8528A04341005EA2E1 /* ContentViewModel.swift */ = {isa = PBXFileReference; lastKnownFileType = sourcecode.swift; path = ContentViewModel.swift; sourceTree = "<group>"; };
		9F9D4E0728A253D5002162E0 /* ServerFriendModel.swift */ = {isa = PBXFileReference; lastKnownFileType = sourcecode.swift; path = ServerFriendModel.swift; sourceTree = "<group>"; };
		9F9D4E0928A2B038002162E0 /* FriendModel.swift */ = {isa = PBXFileReference; lastKnownFileType = sourcecode.swift; path = FriendModel.swift; sourceTree = "<group>"; };
		9FA073DB28AE1E7D00995B9B /* MainCoordinator.swift */ = {isa = PBXFileReference; lastKnownFileType = sourcecode.swift; path = MainCoordinator.swift; sourceTree = "<group>"; };
		9FA073E428AE200000995B9B /* GroupInfoCellView.swift */ = {isa = PBXFileReference; lastKnownFileType = sourcecode.swift; path = GroupInfoCellView.swift; sourceTree = "<group>"; };
		9FA073E928AE208F00995B9B /* GroupRouter.swift */ = {isa = PBXFileReference; lastKnownFileType = sourcecode.swift; path = GroupRouter.swift; sourceTree = "<group>"; };
		9FB7D60228B7735D00126B3F /* GroupInfoView.swift */ = {isa = PBXFileReference; lastKnownFileType = sourcecode.swift; path = GroupInfoView.swift; sourceTree = "<group>"; };
		9FE4C0E228AE3B8300D858C8 /* ContentCoordinator.swift */ = {isa = PBXFileReference; lastKnownFileType = sourcecode.swift; path = ContentCoordinator.swift; sourceTree = "<group>"; };
		9FF5E39328B5175800843011 /* AuthService.swift */ = {isa = PBXFileReference; lastKnownFileType = sourcecode.swift; path = AuthService.swift; sourceTree = "<group>"; };
/* End PBXFileReference section */

/* Begin PBXFrameworksBuildPhase section */
		9F915C4E28A039D4005EA2E1 /* Frameworks */ = {
			isa = PBXFrameworksBuildPhase;
			buildActionMask = 2147483647;
			files = (
				9F44AA4F28A178ED0057BD2F /* Moya in Frameworks */,
				9F79A32928A4D5A3000386D0 /* CombineExt in Frameworks */,
				9F44AA4D28A178ED0057BD2F /* CombineMoya in Frameworks */,
				9FA073DF28AE1EB600995B9B /* Stinsen in Frameworks */,
			);
			runOnlyForDeploymentPostprocessing = 0;
		};
/* End PBXFrameworksBuildPhase section */

/* Begin PBXGroup section */
		9F160BFD28AE7BE000C8FD20 /* GroupsCoordinator */ = {
			isa = PBXGroup;
			children = (
				9F160BFE28AE7BF200C8FD20 /* GroupsCoordinator.swift */,
			);
			path = GroupsCoordinator;
			sourceTree = "<group>";
		};
		9F28601E28AFD29B005BE590 /* TabBarCoordinator */ = {
			isa = PBXGroup;
			children = (
				9F28601F28AFD2A9005BE590 /* TabBarCoordinator.swift */,
			);
			path = TabBarCoordinator;
			sourceTree = "<group>";
		};
		9F2CA80F28A1B376004ADF9F /* FriendsView */ = {
			isa = PBXGroup;
			children = (
				9F79A32A28A4DE57000386D0 /* Components */,
				9F2CA81028A1B390004ADF9F /* FriendsListView.swift */,
				9F2CA81228A1B39F004ADF9F /* FriendsListViewModel.swift */,
			);
			path = FriendsView;
			sourceTree = "<group>";
		};
		9F42E46E28A6956100DC0CBB /* GroupModelMapper */ = {
			isa = PBXGroup;
			children = (
				9F42E46F28A6956D00DC0CBB /* GroupModelMapper.swift */,
			);
			path = GroupModelMapper;
			sourceTree = "<group>";
		};
		9F42E47828A69C2300DC0CBB /* GroupsView */ = {
			isa = PBXGroup;
			children = (
				9FA073E328AE1FE600995B9B /* GroupInfoView */,
				9F42E47D28A69C6300DC0CBB /* Components */,
				9F42E47928A69C3F00DC0CBB /* GroupsListViewModel.swift */,
				9F42E47B28A69C5500DC0CBB /* GroupsListView.swift */,
				9FA073E928AE208F00995B9B /* GroupRouter.swift */,
			);
			path = GroupsView;
			sourceTree = "<group>";
		};
		9F42E47D28A69C6300DC0CBB /* Components */ = {
			isa = PBXGroup;
			children = (
				9F42E47E28A69C7100DC0CBB /* GroupCellView.swift */,
			);
			path = Components;
			sourceTree = "<group>";
		};
		9F475D2328AD35140095962C /* PhotosView */ = {
			isa = PBXGroup;
			children = (
				9F475D2628AD35350095962C /* Components */,
				9F475D2428AD35330095962C /* PhotoView.swift */,
				9F475D2728AD354C0095962C /* PhotoViewModel.swift */,
			);
			path = PhotosView;
			sourceTree = "<group>";
		};
		9F475D2628AD35350095962C /* Components */ = {
			isa = PBXGroup;
			children = (
			);
			path = Components;
			sourceTree = "<group>";
		};
		9F79A32528A4D39C000386D0 /* FriendModelMappers */ = {
			isa = PBXGroup;
			children = (
				9F79A32128A4D257000386D0 /* FriendModelMapper.swift */,
			);
			path = FriendModelMappers;
			sourceTree = "<group>";
		};
		9F79A32A28A4DE57000386D0 /* Components */ = {
			isa = PBXGroup;
			children = (
				9F79A32B28A4DE70000386D0 /* FriendCellView.swift */,
			);
			path = Components;
			sourceTree = "<group>";
		};
		9F79A32D28A4E5E8000386D0 /* Components */ = {
			isa = PBXGroup;
			children = (
				9F79A32E28A4E5F6000386D0 /* AppTextField */,
			);
			path = Components;
			sourceTree = "<group>";
		};
		9F79A32E28A4E5F6000386D0 /* AppTextField */ = {
			isa = PBXGroup;
			children = (
				9F79A32F28A4E604000386D0 /* SearchTextField.swift */,
			);
			path = AppTextField;
			sourceTree = "<group>";
		};
		9F915C4828A039D4005EA2E1 = {
			isa = PBXGroup;
			children = (
				9F915C5328A039D4005EA2E1 /* AppVk */,
				9F915C5228A039D4005EA2E1 /* Products */,
			);
			sourceTree = "<group>";
		};
		9F915C5228A039D4005EA2E1 /* Products */ = {
			isa = PBXGroup;
			children = (
				9F915C5128A039D4005EA2E1 /* AppVk.app */,
			);
			name = Products;
			sourceTree = "<group>";
		};
		9F915C5328A039D4005EA2E1 /* AppVk */ = {
			isa = PBXGroup;
			children = (
				9FA073DA28AE1E6B00995B9B /* Coordinators */,
				9F915C6328A03A5D005EA2E1 /* App */,
				9F915C6228A03A53005EA2E1 /* Services */,
				9F915C6528A03A6B005EA2E1 /* Models */,
				9F915C6828A03A7C005EA2E1 /* Content */,
				9F915C6728A03A73005EA2E1 /* Modules */,
				9F915C6628A03A6E005EA2E1 /* Helpers */,
				9F79A32D28A4E5E8000386D0 /* Components */,
				9F915C6428A03A62005EA2E1 /* Resources */,
				9F915C5628A039D4005EA2E1 /* ContentView.swift */,
				9F915C8528A04341005EA2E1 /* ContentViewModel.swift */,
				9F915C5A28A039DB005EA2E1 /* Preview Content */,
				9F79A32328A4D291000386D0 /* Extensions+String.swift */,
			);
			path = AppVk;
			sourceTree = "<group>";
		};
		9F915C5A28A039DB005EA2E1 /* Preview Content */ = {
			isa = PBXGroup;
			children = (
				9F915C5B28A039DB005EA2E1 /* Preview Assets.xcassets */,
			);
			path = "Preview Content";
			sourceTree = "<group>";
		};
		9F915C6228A03A53005EA2E1 /* Services */ = {
			isa = PBXGroup;
			children = (
				9FF5E39228B5174100843011 /* AuthService */,
				9F915C6E28A03B42005EA2E1 /* API */,
				9F915C6D28A03B3A005EA2E1 /* Storage */,
			);
			path = Services;
			sourceTree = "<group>";
		};
		9F915C6328A03A5D005EA2E1 /* App */ = {
			isa = PBXGroup;
			children = (
				9F915C5428A039D4005EA2E1 /* AppVkApp.swift */,
			);
			path = App;
			sourceTree = "<group>";
		};
		9F915C6428A03A62005EA2E1 /* Resources */ = {
			isa = PBXGroup;
			children = (
				9F915C5828A039DB005EA2E1 /* Assets.xcassets */,
			);
			path = Resources;
			sourceTree = "<group>";
		};
		9F915C6528A03A6B005EA2E1 /* Models */ = {
			isa = PBXGroup;
			children = (
				9F915C6C28A03AF3005EA2E1 /* Mappers */,
				9F915C6B28A03AEE005EA2E1 /* ServerModel */,
				9F915C6A28A03AE8005EA2E1 /* LocalModel */,
			);
			path = Models;
			sourceTree = "<group>";
		};
		9F915C6628A03A6E005EA2E1 /* Helpers */ = {
			isa = PBXGroup;
			children = (
				9F915C7E28A03CE6005EA2E1 /* Consts.swift */,
			);
			path = Helpers;
			sourceTree = "<group>";
		};
		9F915C6728A03A73005EA2E1 /* Modules */ = {
			isa = PBXGroup;
			children = (
				9F475D2328AD35140095962C /* PhotosView */,
				9F42E47828A69C2300DC0CBB /* GroupsView */,
				9F2CA80F28A1B376004ADF9F /* FriendsView */,
				9F915C8228A0422F005EA2E1 /* WebView */,
			);
			path = Modules;
			sourceTree = "<group>";
		};
		9F915C6828A03A7C005EA2E1 /* Content */ = {
			isa = PBXGroup;
			children = (
			);
			path = Content;
			sourceTree = "<group>";
		};
		9F915C6A28A03AE8005EA2E1 /* LocalModel */ = {
			isa = PBXGroup;
			children = (
				9F9D4E0928A2B038002162E0 /* FriendModel.swift */,
				9F42E46C28A6918F00DC0CBB /* GroupModel.swift */,
			);
			path = LocalModel;
			sourceTree = "<group>";
		};
		9F915C6B28A03AEE005EA2E1 /* ServerModel */ = {
			isa = PBXGroup;
			children = (
				9F9D4E0728A253D5002162E0 /* ServerFriendModel.swift */,
				9F42E46A28A6918100DC0CBB /* ServerGroupModel.swift */,
				9F475D2928AD37FA0095962C /* ServerPhotoModel.swift */,
			);
			path = ServerModel;
			sourceTree = "<group>";
		};
		9F915C6C28A03AF3005EA2E1 /* Mappers */ = {
			isa = PBXGroup;
			children = (
				9F42E46E28A6956100DC0CBB /* GroupModelMapper */,
				9F79A32528A4D39C000386D0 /* FriendModelMappers */,
				9F79A31F28A4D1FF000386D0 /* BaseModelMapper.swift */,
			);
			path = Mappers;
			sourceTree = "<group>";
		};
		9F915C6D28A03B3A005EA2E1 /* Storage */ = {
			isa = PBXGroup;
			children = (
				9F915C6F28A03B68005EA2E1 /* LocalStorage.swift */,
			);
			path = Storage;
			sourceTree = "<group>";
		};
		9F915C6E28A03B42005EA2E1 /* API */ = {
			isa = PBXGroup;
			children = (
				9F915C7428A03BA5005EA2E1 /* Error */,
				9F915C7328A03B9D005EA2E1 /* BaseAPIService */,
				9F915C7128A03B9A005EA2E1 /* Provider.swift */,
			);
			path = API;
			sourceTree = "<group>";
		};
		9F915C7328A03B9D005EA2E1 /* BaseAPIService */ = {
			isa = PBXGroup;
			children = (
				9F915C7A28A03C48005EA2E1 /* BaseAPI.swift */,
				9F42E47128A69A8600DC0CBB /* BaseAPIService.swift */,
			);
			path = BaseAPIService;
			sourceTree = "<group>";
		};
		9F915C7428A03BA5005EA2E1 /* Error */ = {
			isa = PBXGroup;
			children = (
				9F915C8028A03F12005EA2E1 /* APIError.swift */,
			);
			path = Error;
			sourceTree = "<group>";
		};
		9F915C8228A0422F005EA2E1 /* WebView */ = {
			isa = PBXGroup;
			children = (
				9F915C8328A04251005EA2E1 /* RepresentableWebView.swift */,
			);
			path = WebView;
			sourceTree = "<group>";
		};
		9FA073DA28AE1E6B00995B9B /* Coordinators */ = {
			isa = PBXGroup;
			children = (
				9F28601E28AFD29B005BE590 /* TabBarCoordinator */,
				9F160BFD28AE7BE000C8FD20 /* GroupsCoordinator */,
				9FA073DB28AE1E7D00995B9B /* MainCoordinator.swift */,
				9FE4C0E128AE3B7000D858C8 /* Main */,
			);
			path = Coordinators;
			sourceTree = "<group>";
		};
		9FA073E328AE1FE600995B9B /* GroupInfoView */ = {
			isa = PBXGroup;
			children = (
				9FB7D60128B7731700126B3F /* Components */,
				9FB7D60228B7735D00126B3F /* GroupInfoView.swift */,
				9F6679E528B79546001BFEEA /* GroupInfoViewModel.swift */,
			);
			path = GroupInfoView;
			sourceTree = "<group>";
		};
		9FB7D60128B7731700126B3F /* Components */ = {
			isa = PBXGroup;
			children = (
				9FA073E428AE200000995B9B /* GroupInfoCellView.swift */,
			);
			path = Components;
			sourceTree = "<group>";
		};
		9FE4C0E128AE3B7000D858C8 /* Main */ = {
			isa = PBXGroup;
			children = (
				9FE4C0E228AE3B8300D858C8 /* ContentCoordinator.swift */,
				9F6679E728B79D9C001BFEEA /* LoginRouter.swift */,
			);
			path = Main;
			sourceTree = "<group>";
		};
		9FF5E39228B5174100843011 /* AuthService */ = {
			isa = PBXGroup;
			children = (
				9FF5E39328B5175800843011 /* AuthService.swift */,
			);
			path = AuthService;
			sourceTree = "<group>";
		};
/* End PBXGroup section */

/* Begin PBXNativeTarget section */
		9F915C5028A039D4005EA2E1 /* AppVk */ = {
			isa = PBXNativeTarget;
			buildConfigurationList = 9F915C5F28A039DB005EA2E1 /* Build configuration list for PBXNativeTarget "AppVk" */;
			buildPhases = (
				9F915C4D28A039D4005EA2E1 /* Sources */,
				9F915C4E28A039D4005EA2E1 /* Frameworks */,
				9F915C4F28A039D4005EA2E1 /* Resources */,
			);
			buildRules = (
			);
			dependencies = (
			);
			name = AppVk;
			packageProductDependencies = (
				9F44AA4C28A178ED0057BD2F /* CombineMoya */,
				9F44AA4E28A178ED0057BD2F /* Moya */,
				9F79A32828A4D5A3000386D0 /* CombineExt */,
				9FA073DE28AE1EB600995B9B /* Stinsen */,
			);
			productName = AppVk;
			productReference = 9F915C5128A039D4005EA2E1 /* AppVk.app */;
			productType = "com.apple.product-type.application";
		};
/* End PBXNativeTarget section */

/* Begin PBXProject section */
		9F915C4928A039D4005EA2E1 /* Project object */ = {
			isa = PBXProject;
			attributes = {
				BuildIndependentTargetsInParallel = 1;
				LastSwiftUpdateCheck = 1340;
				LastUpgradeCheck = 1340;
				TargetAttributes = {
					9F915C5028A039D4005EA2E1 = {
						CreatedOnToolsVersion = 13.4.1;
					};
				};
			};
			buildConfigurationList = 9F915C4C28A039D4005EA2E1 /* Build configuration list for PBXProject "AppVk" */;
			compatibilityVersion = "Xcode 13.0";
			developmentRegion = en;
			hasScannedForEncodings = 0;
			knownRegions = (
				en,
				Base,
			);
			mainGroup = 9F915C4828A039D4005EA2E1;
			packageReferences = (
				9F44AA4B28A178ED0057BD2F /* XCRemoteSwiftPackageReference "Moya" */,
				9F79A32728A4D5A3000386D0 /* XCRemoteSwiftPackageReference "CombineExt" */,
				9FA073DD28AE1EB600995B9B /* XCRemoteSwiftPackageReference "stinsen" */,
			);
			productRefGroup = 9F915C5228A039D4005EA2E1 /* Products */;
			projectDirPath = "";
			projectRoot = "";
			targets = (
				9F915C5028A039D4005EA2E1 /* AppVk */,
			);
		};
/* End PBXProject section */

/* Begin PBXResourcesBuildPhase section */
		9F915C4F28A039D4005EA2E1 /* Resources */ = {
			isa = PBXResourcesBuildPhase;
			buildActionMask = 2147483647;
			files = (
				9F915C5C28A039DB005EA2E1 /* Preview Assets.xcassets in Resources */,
				9F915C5928A039DB005EA2E1 /* Assets.xcassets in Resources */,
			);
			runOnlyForDeploymentPostprocessing = 0;
		};
/* End PBXResourcesBuildPhase section */

/* Begin PBXSourcesBuildPhase section */
		9F915C4D28A039D4005EA2E1 /* Sources */ = {
			isa = PBXSourcesBuildPhase;
			buildActionMask = 2147483647;
			files = (
				9F79A32228A4D257000386D0 /* FriendModelMapper.swift in Sources */,
				9F915C7228A03B9A005EA2E1 /* Provider.swift in Sources */,
				9FA073E528AE200000995B9B /* GroupInfoCellView.swift in Sources */,
				9F79A32C28A4DE71000386D0 /* FriendCellView.swift in Sources */,
				9FA073EA28AE208F00995B9B /* GroupRouter.swift in Sources */,
				9F42E47228A69A8600DC0CBB /* BaseAPIService.swift in Sources */,
				9F9D4E0A28A2B038002162E0 /* FriendModel.swift in Sources */,
				9F915C7028A03B68005EA2E1 /* LocalStorage.swift in Sources */,
				9F915C5728A039D4005EA2E1 /* ContentView.swift in Sources */,
				9F915C5528A039D4005EA2E1 /* AppVkApp.swift in Sources */,
				9F42E46B28A6918100DC0CBB /* ServerGroupModel.swift in Sources */,
				9F475D2828AD354C0095962C /* PhotoViewModel.swift in Sources */,
				9F79A32428A4D291000386D0 /* Extensions+String.swift in Sources */,
				9F2CA81328A1B39F004ADF9F /* FriendsListViewModel.swift in Sources */,
				9F6679E828B79D9C001BFEEA /* LoginRouter.swift in Sources */,
				9F28602028AFD2A9005BE590 /* TabBarCoordinator.swift in Sources */,
				9F915C8628A04341005EA2E1 /* ContentViewModel.swift in Sources */,
				9FA073DC28AE1E7D00995B9B /* MainCoordinator.swift in Sources */,
				9F42E47F28A69C7100DC0CBB /* GroupCellView.swift in Sources */,
				9F42E47A28A69C3F00DC0CBB /* GroupsListViewModel.swift in Sources */,
				9F42E46D28A6918F00DC0CBB /* GroupModel.swift in Sources */,
				9F79A33028A4E605000386D0 /* SearchTextField.swift in Sources */,
				9F915C7F28A03CE6005EA2E1 /* Consts.swift in Sources */,
				9F9D4E0828A253D5002162E0 /* ServerFriendModel.swift in Sources */,
				9F42E47028A6956D00DC0CBB /* GroupModelMapper.swift in Sources */,
				9F2CA81128A1B390004ADF9F /* FriendsListView.swift in Sources */,
				9F475D2A28AD37FA0095962C /* ServerPhotoModel.swift in Sources */,
				9F915C8128A03F12005EA2E1 /* APIError.swift in Sources */,
				9FB7D60328B7735D00126B3F /* GroupInfoView.swift in Sources */,
				9F475D2528AD35330095962C /* PhotoView.swift in Sources */,
				9F79A32028A4D1FF000386D0 /* BaseModelMapper.swift in Sources */,
				9F160BFF28AE7BF200C8FD20 /* GroupsCoordinator.swift in Sources */,
				9FF5E39428B5175800843011 /* AuthService.swift in Sources */,
				9F915C8428A04251005EA2E1 /* RepresentableWebView.swift in Sources */,
				9F915C7B28A03C48005EA2E1 /* BaseAPI.swift in Sources */,
				9F6679E628B79546001BFEEA /* GroupInfoViewModel.swift in Sources */,
				9FE4C0E328AE3B8300D858C8 /* ContentCoordinator.swift in Sources */,
				9F42E47C28A69C5500DC0CBB /* GroupsListView.swift in Sources */,
			);
			runOnlyForDeploymentPostprocessing = 0;
		};
/* End PBXSourcesBuildPhase section */

/* Begin XCBuildConfiguration section */
		9F915C5D28A039DB005EA2E1 /* Debug */ = {
			isa = XCBuildConfiguration;
			buildSettings = {
				ALWAYS_SEARCH_USER_PATHS = NO;
				CLANG_ANALYZER_NONNULL = YES;
				CLANG_ANALYZER_NUMBER_OBJECT_CONVERSION = YES_AGGRESSIVE;
				CLANG_CXX_LANGUAGE_STANDARD = "gnu++17";
				CLANG_ENABLE_MODULES = YES;
				CLANG_ENABLE_OBJC_ARC = YES;
				CLANG_ENABLE_OBJC_WEAK = YES;
				CLANG_WARN_BLOCK_CAPTURE_AUTORELEASING = YES;
				CLANG_WARN_BOOL_CONVERSION = YES;
				CLANG_WARN_COMMA = YES;
				CLANG_WARN_CONSTANT_CONVERSION = YES;
				CLANG_WARN_DEPRECATED_OBJC_IMPLEMENTATIONS = YES;
				CLANG_WARN_DIRECT_OBJC_ISA_USAGE = YES_ERROR;
				CLANG_WARN_DOCUMENTATION_COMMENTS = YES;
				CLANG_WARN_EMPTY_BODY = YES;
				CLANG_WARN_ENUM_CONVERSION = YES;
				CLANG_WARN_INFINITE_RECURSION = YES;
				CLANG_WARN_INT_CONVERSION = YES;
				CLANG_WARN_NON_LITERAL_NULL_CONVERSION = YES;
				CLANG_WARN_OBJC_IMPLICIT_RETAIN_SELF = YES;
				CLANG_WARN_OBJC_LITERAL_CONVERSION = YES;
				CLANG_WARN_OBJC_ROOT_CLASS = YES_ERROR;
				CLANG_WARN_QUOTED_INCLUDE_IN_FRAMEWORK_HEADER = YES;
				CLANG_WARN_RANGE_LOOP_ANALYSIS = YES;
				CLANG_WARN_STRICT_PROTOTYPES = YES;
				CLANG_WARN_SUSPICIOUS_MOVE = YES;
				CLANG_WARN_UNGUARDED_AVAILABILITY = YES_AGGRESSIVE;
				CLANG_WARN_UNREACHABLE_CODE = YES;
				CLANG_WARN__DUPLICATE_METHOD_MATCH = YES;
				COPY_PHASE_STRIP = NO;
				DEBUG_INFORMATION_FORMAT = dwarf;
				ENABLE_STRICT_OBJC_MSGSEND = YES;
				ENABLE_TESTABILITY = YES;
				GCC_C_LANGUAGE_STANDARD = gnu11;
				GCC_DYNAMIC_NO_PIC = NO;
				GCC_NO_COMMON_BLOCKS = YES;
				GCC_OPTIMIZATION_LEVEL = 0;
				GCC_PREPROCESSOR_DEFINITIONS = (
					"DEBUG=1",
					"$(inherited)",
				);
				GCC_WARN_64_TO_32_BIT_CONVERSION = YES;
				GCC_WARN_ABOUT_RETURN_TYPE = YES_ERROR;
				GCC_WARN_UNDECLARED_SELECTOR = YES;
				GCC_WARN_UNINITIALIZED_AUTOS = YES_AGGRESSIVE;
				GCC_WARN_UNUSED_FUNCTION = YES;
				GCC_WARN_UNUSED_VARIABLE = YES;
				IPHONEOS_DEPLOYMENT_TARGET = 15.5;
				MTL_ENABLE_DEBUG_INFO = INCLUDE_SOURCE;
				MTL_FAST_MATH = YES;
				ONLY_ACTIVE_ARCH = YES;
				SDKROOT = iphoneos;
				SWIFT_ACTIVE_COMPILATION_CONDITIONS = DEBUG;
				SWIFT_OPTIMIZATION_LEVEL = "-Onone";
			};
			name = Debug;
		};
		9F915C5E28A039DB005EA2E1 /* Release */ = {
			isa = XCBuildConfiguration;
			buildSettings = {
				ALWAYS_SEARCH_USER_PATHS = NO;
				CLANG_ANALYZER_NONNULL = YES;
				CLANG_ANALYZER_NUMBER_OBJECT_CONVERSION = YES_AGGRESSIVE;
				CLANG_CXX_LANGUAGE_STANDARD = "gnu++17";
				CLANG_ENABLE_MODULES = YES;
				CLANG_ENABLE_OBJC_ARC = YES;
				CLANG_ENABLE_OBJC_WEAK = YES;
				CLANG_WARN_BLOCK_CAPTURE_AUTORELEASING = YES;
				CLANG_WARN_BOOL_CONVERSION = YES;
				CLANG_WARN_COMMA = YES;
				CLANG_WARN_CONSTANT_CONVERSION = YES;
				CLANG_WARN_DEPRECATED_OBJC_IMPLEMENTATIONS = YES;
				CLANG_WARN_DIRECT_OBJC_ISA_USAGE = YES_ERROR;
				CLANG_WARN_DOCUMENTATION_COMMENTS = YES;
				CLANG_WARN_EMPTY_BODY = YES;
				CLANG_WARN_ENUM_CONVERSION = YES;
				CLANG_WARN_INFINITE_RECURSION = YES;
				CLANG_WARN_INT_CONVERSION = YES;
				CLANG_WARN_NON_LITERAL_NULL_CONVERSION = YES;
				CLANG_WARN_OBJC_IMPLICIT_RETAIN_SELF = YES;
				CLANG_WARN_OBJC_LITERAL_CONVERSION = YES;
				CLANG_WARN_OBJC_ROOT_CLASS = YES_ERROR;
				CLANG_WARN_QUOTED_INCLUDE_IN_FRAMEWORK_HEADER = YES;
				CLANG_WARN_RANGE_LOOP_ANALYSIS = YES;
				CLANG_WARN_STRICT_PROTOTYPES = YES;
				CLANG_WARN_SUSPICIOUS_MOVE = YES;
				CLANG_WARN_UNGUARDED_AVAILABILITY = YES_AGGRESSIVE;
				CLANG_WARN_UNREACHABLE_CODE = YES;
				CLANG_WARN__DUPLICATE_METHOD_MATCH = YES;
				COPY_PHASE_STRIP = NO;
				DEBUG_INFORMATION_FORMAT = "dwarf-with-dsym";
				ENABLE_NS_ASSERTIONS = NO;
				ENABLE_STRICT_OBJC_MSGSEND = YES;
				GCC_C_LANGUAGE_STANDARD = gnu11;
				GCC_NO_COMMON_BLOCKS = YES;
				GCC_WARN_64_TO_32_BIT_CONVERSION = YES;
				GCC_WARN_ABOUT_RETURN_TYPE = YES_ERROR;
				GCC_WARN_UNDECLARED_SELECTOR = YES;
				GCC_WARN_UNINITIALIZED_AUTOS = YES_AGGRESSIVE;
				GCC_WARN_UNUSED_FUNCTION = YES;
				GCC_WARN_UNUSED_VARIABLE = YES;
				IPHONEOS_DEPLOYMENT_TARGET = 15.5;
				MTL_ENABLE_DEBUG_INFO = NO;
				MTL_FAST_MATH = YES;
				SDKROOT = iphoneos;
				SWIFT_COMPILATION_MODE = wholemodule;
				SWIFT_OPTIMIZATION_LEVEL = "-O";
				VALIDATE_PRODUCT = YES;
			};
			name = Release;
		};
		9F915C6028A039DB005EA2E1 /* Debug */ = {
			isa = XCBuildConfiguration;
			buildSettings = {
				ASSETCATALOG_COMPILER_APPICON_NAME = AppIcon;
				ASSETCATALOG_COMPILER_GLOBAL_ACCENT_COLOR_NAME = AccentColor;
				CODE_SIGN_STYLE = Automatic;
				CURRENT_PROJECT_VERSION = 1;
				DEVELOPMENT_ASSET_PATHS = "\"AppVk/Preview Content\"";
				DEVELOPMENT_TEAM = Y2T4JS3F8R;
				ENABLE_PREVIEWS = YES;
				GENERATE_INFOPLIST_FILE = YES;
				INFOPLIST_KEY_UIApplicationSceneManifest_Generation = YES;
				INFOPLIST_KEY_UIApplicationSupportsIndirectInputEvents = YES;
				INFOPLIST_KEY_UILaunchScreen_Generation = YES;
				INFOPLIST_KEY_UISupportedInterfaceOrientations_iPad = "UIInterfaceOrientationPortrait UIInterfaceOrientationPortraitUpsideDown UIInterfaceOrientationLandscapeLeft UIInterfaceOrientationLandscapeRight";
				INFOPLIST_KEY_UISupportedInterfaceOrientations_iPhone = "UIInterfaceOrientationPortrait UIInterfaceOrientationLandscapeLeft UIInterfaceOrientationLandscapeRight";
				LD_RUNPATH_SEARCH_PATHS = (
					"$(inherited)",
					"@executable_path/Frameworks",
				);
				MARKETING_VERSION = 1.0;
				PRODUCT_BUNDLE_IDENTIFIER = ru.profsoft.AppVk;
				PRODUCT_NAME = "$(TARGET_NAME)";
				SWIFT_EMIT_LOC_STRINGS = YES;
				SWIFT_VERSION = 5.0;
				TARGETED_DEVICE_FAMILY = "1,2";
			};
			name = Debug;
		};
		9F915C6128A039DB005EA2E1 /* Release */ = {
			isa = XCBuildConfiguration;
			buildSettings = {
				ASSETCATALOG_COMPILER_APPICON_NAME = AppIcon;
				ASSETCATALOG_COMPILER_GLOBAL_ACCENT_COLOR_NAME = AccentColor;
				CODE_SIGN_STYLE = Automatic;
				CURRENT_PROJECT_VERSION = 1;
				DEVELOPMENT_ASSET_PATHS = "\"AppVk/Preview Content\"";
				DEVELOPMENT_TEAM = Y2T4JS3F8R;
				ENABLE_PREVIEWS = YES;
				GENERATE_INFOPLIST_FILE = YES;
				INFOPLIST_KEY_UIApplicationSceneManifest_Generation = YES;
				INFOPLIST_KEY_UIApplicationSupportsIndirectInputEvents = YES;
				INFOPLIST_KEY_UILaunchScreen_Generation = YES;
				INFOPLIST_KEY_UISupportedInterfaceOrientations_iPad = "UIInterfaceOrientationPortrait UIInterfaceOrientationPortraitUpsideDown UIInterfaceOrientationLandscapeLeft UIInterfaceOrientationLandscapeRight";
				INFOPLIST_KEY_UISupportedInterfaceOrientations_iPhone = "UIInterfaceOrientationPortrait UIInterfaceOrientationLandscapeLeft UIInterfaceOrientationLandscapeRight";
				LD_RUNPATH_SEARCH_PATHS = (
					"$(inherited)",
					"@executable_path/Frameworks",
				);
				MARKETING_VERSION = 1.0;
				PRODUCT_BUNDLE_IDENTIFIER = ru.profsoft.AppVk;
				PRODUCT_NAME = "$(TARGET_NAME)";
				SWIFT_EMIT_LOC_STRINGS = YES;
				SWIFT_VERSION = 5.0;
				TARGETED_DEVICE_FAMILY = "1,2";
			};
			name = Release;
		};
/* End XCBuildConfiguration section */

/* Begin XCConfigurationList section */
		9F915C4C28A039D4005EA2E1 /* Build configuration list for PBXProject "AppVk" */ = {
			isa = XCConfigurationList;
			buildConfigurations = (
				9F915C5D28A039DB005EA2E1 /* Debug */,
				9F915C5E28A039DB005EA2E1 /* Release */,
			);
			defaultConfigurationIsVisible = 0;
			defaultConfigurationName = Release;
		};
		9F915C5F28A039DB005EA2E1 /* Build configuration list for PBXNativeTarget "AppVk" */ = {
			isa = XCConfigurationList;
			buildConfigurations = (
				9F915C6028A039DB005EA2E1 /* Debug */,
				9F915C6128A039DB005EA2E1 /* Release */,
			);
			defaultConfigurationIsVisible = 0;
			defaultConfigurationName = Release;
		};
/* End XCConfigurationList section */

/* Begin XCRemoteSwiftPackageReference section */
		9F44AA4B28A178ED0057BD2F /* XCRemoteSwiftPackageReference "Moya" */ = {
			isa = XCRemoteSwiftPackageReference;
			repositoryURL = "https://github.com/Moya/Moya";
			requirement = {
				kind = exactVersion;
				version = 15.0.0;
			};
		};
		9F79A32728A4D5A3000386D0 /* XCRemoteSwiftPackageReference "CombineExt" */ = {
			isa = XCRemoteSwiftPackageReference;
			repositoryURL = "https://github.com/CombineCommunity/CombineExt";
			requirement = {
				kind = exactVersion;
				version = 1.8.0;
			};
		};
		9FA073DD28AE1EB600995B9B /* XCRemoteSwiftPackageReference "stinsen" */ = {
			isa = XCRemoteSwiftPackageReference;
			repositoryURL = "https://github.com/rundfunk47/stinsen";
			requirement = {
				kind = exactVersion;
				version = 2.0.9;
			};
		};
/* End XCRemoteSwiftPackageReference section */

/* Begin XCSwiftPackageProductDependency section */
		9F44AA4C28A178ED0057BD2F /* CombineMoya */ = {
			isa = XCSwiftPackageProductDependency;
			package = 9F44AA4B28A178ED0057BD2F /* XCRemoteSwiftPackageReference "Moya" */;
			productName = CombineMoya;
		};
		9F44AA4E28A178ED0057BD2F /* Moya */ = {
			isa = XCSwiftPackageProductDependency;
			package = 9F44AA4B28A178ED0057BD2F /* XCRemoteSwiftPackageReference "Moya" */;
			productName = Moya;
		};
		9F79A32828A4D5A3000386D0 /* CombineExt */ = {
			isa = XCSwiftPackageProductDependency;
			package = 9F79A32728A4D5A3000386D0 /* XCRemoteSwiftPackageReference "CombineExt" */;
			productName = CombineExt;
		};
		9FA073DE28AE1EB600995B9B /* Stinsen */ = {
			isa = XCSwiftPackageProductDependency;
			package = 9FA073DD28AE1EB600995B9B /* XCRemoteSwiftPackageReference "stinsen" */;
			productName = Stinsen;
		};
/* End XCSwiftPackageProductDependency section */
	};
	rootObject = 9F915C4928A039D4005EA2E1 /* Project object */;
}
